
Microsoft Visual Studio Solution File, Format Version 12.00
# Visual Studio Version 17
VisualStudioVersion = 17.6.33801.468
MinimumVisualStudioVersion = 10.0.40219.1
Project("{FAE04EC0-301F-11D3-BF4B-00C04F79EFBC}") = "MengOCR", "MengOCR\MengOCR.csproj", "{D5C29D39-536A-408F-8553-7579BD053EFA}"
EndProject
Global
	GlobalSection(SolutionConfigurationPlatforms) = preSolution
		Debug|Any CPU = Debug|Any CPU
		Debug|x64 = Debug|x64
		Release|Any CPU = Release|Any CPU
		Release|x64 = Release|x64
	EndGlobalSection
	GlobalSection(ProjectConfigurationPlatforms) = postSolution
		{D5C29D39-536A-408F-8553-7579BD053EFA}.Debug|Any CPU.ActiveCfg = Debug|Any CPU
		{D5C29D39-536A-408F-8553-7579BD053EFA}.Debug|Any CPU.Build.0 = Debug|Any CPU
		{D5C29D39-536A-408F-8553-7579BD053EFA}.Debug|x64.ActiveCfg = Debug|x64
		{D5C29D39-536A-408F-8553-7579BD053EFA}.Debug|x64.Build.0 = Debug|x64
		{D5C29D39-536A-408F-8553-7579BD053EFA}.Release|Any CPU.ActiveCfg = Release|Any CPU
		{D5C29D39-536A-408F-8553-7579BD053EFA}.Release|Any CPU.Build.0 = Release|Any CPU
		{D5C29D39-536A-408F-8553-7579BD053EFA}.Release|x64.ActiveCfg = Release|x64
		{D5C29D39-536A-408F-8553-7579BD053EFA}.Release|x64.Build.0 = Release|x64
	EndGlobalSection
	GlobalSection(SolutionProperties) = preSolution
		HideSolutionNode = FALSE
	EndGlobalSection
	GlobalSection(ExtensibilityGlobals) = postSolution
		SolutionGuid = {8111D68C-0DE1-4703-97A6-8025906F49F9}
	EndGlobalSection
EndGlobal
